schema: '2.0'
stages:
  feast_apply:
    cmd: feast apply
    deps:
    - path: feature_store.yaml
      hash: md5
      md5: 465a79e9e8a282bbf1ab25bd1ec83a0a
      size: 203
    - path: features.py
      hash: md5
      md5: a6cb709e26496c3f53e441eb2646a394
      size: 771
  feast_materialize:
    cmd: feast materialize 2025-09-01T00:00:00 2100-01-01T00:00:00
    deps:
    - path: ../data/iris_data_adapted_for_feast.parquet
      hash: md5
      md5: 481fc117a64177a8290eec3bd8a31e7b
      size: 6660
    - path: feature_store.yaml
      hash: md5
      md5: 465a79e9e8a282bbf1ab25bd1ec83a0a
      size: 203
    - path: features.py
      hash: md5
      md5: a6cb709e26496c3f53e441eb2646a394
      size: 771
  train:
    cmd: python train.py
    deps:
    - path: data/iris_data_adapted_for_feast.csv
      hash: md5
      md5: 1e4e207ac9cdbd0e61f71558d5db45b9
      size: 4009
    - path: feature_repo/features.py
      hash: md5
      md5: a6cb709e26496c3f53e441eb2646a394
      size: 771
    - path: train.py
      hash: md5
      md5: 6ebcedbbfc85310ef2a6f3c548781086
      size: 3420
    outs:
    - path: metrics/train_metrics.json
      hash: md5
      md5: c949a5dd0f26fb55babc67bfcd7d352f
      size: 232
    - path: models/model.pkl
      hash: md5
      md5: b96729cdd7ab5c728e06e73263dbc065
      size: 64281
  inference:
    cmd: python inference.py
    deps:
    - path: data/iris_data_adapted_for_feast.csv
      hash: md5
      md5: 1e4e207ac9cdbd0e61f71558d5db45b9
      size: 4009
    - path: inference.py
      hash: md5
      md5: 87b1f49437f54dee5067db7c306c4a3e
      size: 1232
    - path: models/model.pkl
      hash: md5
      md5: b96729cdd7ab5c728e06e73263dbc065
      size: 64281
  test:
    cmd: pytest tests -v --tb=short
    deps:
    - path: data/iris_data_adapted_for_feast.csv
      hash: md5
      md5: 1e4e207ac9cdbd0e61f71558d5db45b9
      size: 4009
    - path: metrics/train_metrics.json
      hash: md5
      md5: c949a5dd0f26fb55babc67bfcd7d352f
      size: 232
    - path: models/model.pkl
      hash: md5
      md5: b96729cdd7ab5c728e06e73263dbc065
      size: 64281
    - path: tests/test_data_validation.py
      hash: md5
      md5: d00cf3759cb8ad955bbbcc9228088748
      size: 3321
    - path: tests/test_model.py
      hash: md5
      md5: ffc384d6a6ad401e5c6dc5886bb05d6a
      size: 4399
